// !$*UTF8*$!
{
	archiveVersion = 1;
	classes = {
	};
	objectVersion = 50;
	objects = {

/* Begin PBXBuildFile section */
		6E29D1D0252BECF60045D0DA /* AppDelegate.swift in Sources */ = {isa = PBXBuildFile; fileRef = 6E29D1CF252BECF60045D0DA /* AppDelegate.swift */; };
		6E29D1D2252BECF60045D0DA /* SceneDelegate.swift in Sources */ = {isa = PBXBuildFile; fileRef = 6E29D1D1252BECF60045D0DA /* SceneDelegate.swift */; };
		6E29D1D4252BECF60045D0DA /* ViewController.swift in Sources */ = {isa = PBXBuildFile; fileRef = 6E29D1D3252BECF60045D0DA /* ViewController.swift */; };
		6E29D1D7252BECF60045D0DA /* Main.storyboard in Resources */ = {isa = PBXBuildFile; fileRef = 6E29D1D5252BECF60045D0DA /* Main.storyboard */; };
		6E29D1D9252BECF60045D0DA /* Assets.xcassets in Resources */ = {isa = PBXBuildFile; fileRef = 6E29D1D8252BECF60045D0DA /* Assets.xcassets */; };
		6E29D1DC252BECF60045D0DA /* LaunchScreen.storyboard in Resources */ = {isa = PBXBuildFile; fileRef = 6E29D1DA252BECF60045D0DA /* LaunchScreen.storyboard */; };
		6E29D1E7252BECF60045D0DA /* JsonTestTests.swift in Sources */ = {isa = PBXBuildFile; fileRef = 6E29D1E6252BECF60045D0DA /* JsonTestTests.swift */; };
		6E29D1F2252BECF60045D0DA /* JsonTestUITests.swift in Sources */ = {isa = PBXBuildFile; fileRef = 6E29D1F1252BECF60045D0DA /* JsonTestUITests.swift */; };
/* End PBXBuildFile section */

/* Begin PBXContainerItemProxy section */
		6E29D1E3252BECF60045D0DA /* PBXContainerItemProxy */ = {
			isa = PBXContainerItemProxy;
			containerPortal = 6E29D1C4252BECF50045D0DA /* Project object */;
			proxyType = 1;
			remoteGlobalIDString = 6E29D1CB252BECF60045D0DA;
			remoteInfo = JsonTest;
		};
		6E29D1EE252BECF60045D0DA /* PBXContainerItemProxy */ = {
			isa = PBXContainerItemProxy;
			containerPortal = 6E29D1C4252BECF50045D0DA /* Project object */;
			proxyType = 1;
			remoteGlobalIDString = 6E29D1CB252BECF60045D0DA;
			remoteInfo = JsonTest;
		};
/* End PBXContainerItemProxy section */

/* Begin PBXFileReference section */
		6E29D1CC252BECF60045D0DA /* JsonTest.app */ = {isa = PBXFileReference; explicitFileType = wrapper.application; includeInIndex = 0; path = JsonTest.app; sourceTree = BUILT_PRODUCTS_DIR; };
		6E29D1CF252BECF60045D0DA /* AppDelegate.swift */ = {isa = PBXFileReference; lastKnownFileType = sourcecode.swift; path = AppDelegate.swift; sourceTree = "<group>"; };
		6E29D1D1252BECF60045D0DA /* SceneDelegate.swift */ = {isa = PBXFileReference; lastKnownFileType = sourcecode.swift; path = SceneDelegate.swift; sourceTree = "<group>"; };
		6E29D1D3252BECF60045D0DA /* ViewController.swift */ = {isa = PBXFileReference; lastKnownFileType = sourcecode.swift; path = ViewController.swift; sourceTree = "<group>"; };
		6E29D1D6252BECF60045D0DA /* Base */ = {isa = PBXFileReference; lastKnownFileType = file.storyboard; name = Base; path = Base.lproj/Main.storyboard; sourceTree = "<group>"; };
		6E29D1D8252BECF60045D0DA /* Assets.xcassets */ = {isa = PBXFileReference; lastKnownFileType = folder.assetcatalog; path = Assets.xcassets; sourceTree = "<group>"; };
		6E29D1DB252BECF60045D0DA /* Base */ = {isa = PBXFileReference; lastKnownFileType = file.storyboard; name = Base; path = Base.lproj/LaunchScreen.storyboard; sourceTree = "<group>"; };
		6E29D1DD252BECF60045D0DA /* Info.plist */ = {isa = PBXFileReference; lastKnownFileType = text.plist.xml; path = Info.plist; sourceTree = "<group>"; };
		6E29D1E2252BECF60045D0DA /* JsonTestTests.xctest */ = {isa = PBXFileReference; explicitFileType = wrapper.cfbundle; includeInIndex = 0; path = JsonTestTests.xctest; sourceTree = BUILT_PRODUCTS_DIR; };
		6E29D1E6252BECF60045D0DA /* JsonTestTests.swift */ = {isa = PBXFileReference; lastKnownFileType = sourcecode.swift; path = JsonTestTests.swift; sourceTree = "<group>"; };
		6E29D1E8252BECF60045D0DA /* Info.plist */ = {isa = PBXFileReference; lastKnownFileType = text.plist.xml; path = Info.plist; sourceTree = "<group>"; };
		6E29D1ED252BECF60045D0DA /* JsonTestUITests.xctest */ = {isa = PBXFileReference; explicitFileType = wrapper.cfbundle; includeInIndex = 0; path = JsonTestUITests.xctest; sourceTree = BUILT_PRODUCTS_DIR; };
		6E29D1F1252BECF60045D0DA /* JsonTestUITests.swift */ = {isa = PBXFileReference; lastKnownFileType = sourcecode.swift; path = JsonTestUITests.swift; sourceTree = "<group>"; };
		6E29D1F3252BECF60045D0DA /* Info.plist */ = {isa = PBXFileReference; lastKnownFileType = text.plist.xml; path = Info.plist; sourceTree = "<group>"; };
/* End PBXFileReference section */

/* Begin PBXFrameworksBuildPhase section */
		6E29D1C9252BECF60045D0DA /* Frameworks */ = {
			isa = PBXFrameworksBuildPhase;
			buildActionMask = 2147483647;
			files = (
			);
			runOnlyForDeploymentPostprocessing = 0;
		};
		6E29D1DF252BECF60045D0DA /* Frameworks */ = {
			isa = PBXFrameworksBuildPhase;
			buildActionMask = 2147483647;
			files = (
			);
			runOnlyForDeploymentPostprocessing = 0;
		};
		6E29D1EA252BECF60045D0DA /* Frameworks */ = {
			isa = PBXFrameworksBuildPhase;
			buildActionMask = 2147483647;
			files = (
			);
			runOnlyForDeploymentPostprocessing = 0;
		};
/* End PBXFrameworksBuildPhase section */

/* Begin PBXGroup section */
		6E29D1C3252BECF50045D0DA = {
			isa = PBXGroup;
			children = (
				6E29D1CE252BECF60045D0DA /* JsonTest */,
				6E29D1E5252BECF60045D0DA /* JsonTestTests */,
				6E29D1F0252BECF60045D0DA /* JsonTestUITests */,
				6E29D1CD252BECF60045D0DA /* Products */,
			);
			sourceTree = "<group>";
		};
		6E29D1CD252BECF60045D0DA /* Products */ = {
			isa = PBXGroup;
			children = (
				6E29D1CC252BECF60045D0DA /* JsonTest.app */,
				6E29D1E2252BECF60045D0DA /* JsonTestTests.xctest */,
				6E29D1ED252BECF60045D0DA /* JsonTestUITests.xctest */,
			);
			name = Products;
			sourceTree = "<group>";
		};
		6E29D1CE252BECF60045D0DA /* JsonTest */ = {
			isa = PBXGroup;
			children = (
				6E29D1CF252BECF60045D0DA /* AppDelegate.swift */,
				6E29D1D1252BECF60045D0DA /* SceneDelegate.swift */,
				6E29D1D3252BECF60045D0DA /* ViewController.swift */,
				6E29D1D5252BECF60045D0DA /* Main.storyboard */,
				6E29D1D8252BECF60045D0DA /* Assets.xcassets */,
				6E29D1DA252BECF60045D0DA /* LaunchScreen.storyboard */,
				6E29D1DD252BECF60045D0DA /* Info.plist */,
			);
			path = JsonTest;
			sourceTree = "<group>";
		};
		6E29D1E5252BECF60045D0DA /* JsonTestTests */ = {
			isa = PBXGroup;
			children = (
				6E29D1E6252BECF60045D0DA /* JsonTestTests.swift */,
				6E29D1E8252BECF60045D0DA /* Info.plist */,
			);
			path = JsonTestTests;
			sourceTree = "<group>";
		};
		6E29D1F0252BECF60045D0DA /* JsonTestUITests */ = {
			isa = PBXGroup;
			children = (
				6E29D1F1252BECF60045D0DA /* JsonTestUITests.swift */,
				6E29D1F3252BECF60045D0DA /* Info.plist */,
			);
			path = JsonTestUITests;
			sourceTree = "<group>";
		};
/* End PBXGroup section */

/* Begin PBXNativeTarget section */
		6E29D1CB252BECF60045D0DA /* JsonTest */ = {
			isa = PBXNativeTarget;
			buildConfigurationList = 6E29D1F6252BECF60045D0DA /* Build configuration list for PBXNativeTarget "JsonTest" */;
			buildPhases = (
				6E29D1C8252BECF60045D0DA /* Sources */,
				6E29D1C9252BECF60045D0DA /* Frameworks */,
				6E29D1CA252BECF60045D0DA /* Resources */,
			);
			buildRules = (
			);
			dependencies = (
			);
			name = JsonTest;
			productName = JsonTest;
			productReference = 6E29D1CC252BECF60045D0DA /* JsonTest.app */;
			productType = "com.apple.product-type.application";
		};
		6E29D1E1252BECF60045D0DA /* JsonTestTests */ = {
			isa = PBXNativeTarget;
			buildConfigurationList = 6E29D1F9252BECF60045D0DA /* Build configuration list for PBXNativeTarget "JsonTestTests" */;
			buildPhases = (
				6E29D1DE252BECF60045D0DA /* Sources */,
				6E29D1DF252BECF60045D0DA /* Frameworks */,
				6E29D1E0252BECF60045D0DA /* Resources */,
			);
			buildRules = (
			);
			dependencies = (
				6E29D1E4252BECF60045D0DA /* PBXTargetDependency */,
			);
			name = JsonTestTests;
			productName = JsonTestTests;
			productReference = 6E29D1E2252BECF60045D0DA /* JsonTestTests.xctest */;
			productType = "com.apple.product-type.bundle.unit-test";
		};
		6E29D1EC252BECF60045D0DA /* JsonTestUITests */ = {
			isa = PBXNativeTarget;
			buildConfigurationList = 6E29D1FC252BECF60045D0DA /* Build configuration list for PBXNativeTarget "JsonTestUITests" */;
			buildPhases = (
				6E29D1E9252BECF60045D0DA /* Sources */,
				6E29D1EA252BECF60045D0DA /* Frameworks */,
				6E29D1EB252BECF60045D0DA /* Resources */,
			);
			buildRules = (
			);
			dependencies = (
				6E29D1EF252BECF60045D0DA /* PBXTargetDependency */,
			);
			name = JsonTestUITests;
			productName = JsonTestUITests;
			productReference = 6E29D1ED252BECF60045D0DA /* JsonTestUITests.xctest */;
			productType = "com.apple.product-type.bundle.ui-testing";
		};
/* End PBXNativeTarget section */

/* Begin PBXProject section */
		6E29D1C4252BECF50045D0DA /* Project object */ = {
			isa = PBXProject;
			attributes = {
				LastSwiftUpdateCheck = 1200;
				LastUpgradeCheck = 1200;
				TargetAttributes = {
					6E29D1CB252BECF60045D0DA = {
						CreatedOnToolsVersion = 12.0.1;
					};
					6E29D1E1252BECF60045D0DA = {
						CreatedOnToolsVersion = 12.0.1;
						TestTargetID = 6E29D1CB252BECF60045D0DA;
					};
					6E29D1EC252BECF60045D0DA = {
						CreatedOnToolsVersion = 12.0.1;
						TestTargetID = 6E29D1CB252BECF60045D0DA;
					};
				};
			};
			buildConfigurationList = 6E29D1C7252BECF50045D0DA /* Build configuration list for PBXProject "JsonTest" */;
			compatibilityVersion = "Xcode 9.3";
			developmentRegion = en;
			hasScannedForEncodings = 0;
			knownRegions = (
				en,
				Base,
			);
			mainGroup = 6E29D1C3252BECF50045D0DA;
			productRefGroup = 6E29D1CD252BECF60045D0DA /* Products */;
			projectDirPath = "";
			projectRoot = "";
			targets = (
				6E29D1CB252BECF60045D0DA /* JsonTest */,
				6E29D1E1252BECF60045D0DA /* JsonTestTests */,
				6E29D1EC252BECF60045D0DA /* JsonTestUITests */,
			);
		};
/* End PBXProject section */

/* Begin PBXResourcesBuildPhase section */
		6E29D1CA252BECF60045D0DA /* Resources */ = {
			isa = PBXResourcesBuildPhase;
			buildActionMask = 2147483647;
			files = (
				6E29D1DC252BECF60045D0DA /* LaunchScreen.storyboard in Resources */,
				6E29D1D9252BECF60045D0DA /* Assets.xcassets in Resources */,
				6E29D1D7252BECF60045D0DA /* Main.storyboard in Resources */,
			);
			runOnlyForDeploymentPostprocessing = 0;
		};
		6E29D1E0252BECF60045D0DA /* Resources */ = {
			isa = PBXResourcesBuildPhase;
			buildActionMask = 2147483647;
			files = (
			);
			runOnlyForDeploymentPostprocessing = 0;
		};
		6E29D1EB252BECF60045D0DA /* Resources */ = {
			isa = PBXResourcesBuildPhase;
			buildActionMask = 2147483647;
			files = (
			);
			runOnlyForDeploymentPostprocessing = 0;
		};
/* End PBXResourcesBuildPhase section */

/* Begin PBXSourcesBuildPhase section */
		6E29D1C8252BECF60045D0DA /* Sources */ = {
			isa = PBXSourcesBuildPhase;
			buildActionMask = 2147483647;
			files = (
				6E29D1D4252BECF60045D0DA /* ViewController.swift in Sources */,
				6E29D1D0252BECF60045D0DA /* AppDelegate.swift in Sources */,
				6E29D1D2252BECF60045D0DA /* SceneDelegate.swift in Sources */,
			);
			runOnlyForDeploymentPostprocessing = 0;
		};
		6E29D1DE252BECF60045D0DA /* Sources */ = {
			isa = PBXSourcesBuildPhase;
			buildActionMask = 2147483647;
			files = (
				6E29D1E7252BECF60045D0DA /* JsonTestTests.swift in Sources */,
			);
			runOnlyForDeploymentPostprocessing = 0;
		};
		6E29D1E9252BECF60045D0DA /* Sources */ = {
			isa = PBXSourcesBuildPhase;
			buildActionMask = 2147483647;
			files = (
				6E29D1F2252BECF60045D0DA /* JsonTestUITests.swift in Sources */,
			);
			runOnlyForDeploymentPostprocessing = 0;
		};
/* End PBXSourcesBuildPhase section */

/* Begin PBXTargetDependency section */
		6E29D1E4252BECF60045D0DA /* PBXTargetDependency */ = {
			isa = PBXTargetDependency;
			target = 6E29D1CB252BECF60045D0DA /* JsonTest */;
			targetProxy = 6E29D1E3252BECF60045D0DA /* PBXContainerItemProxy */;
		};
		6E29D1EF252BECF60045D0DA /* PBXTargetDependency */ = {
			isa = PBXTargetDependency;
			target = 6E29D1CB252BECF60045D0DA /* JsonTest */;
			targetProxy = 6E29D1EE252BECF60045D0DA /* PBXContainerItemProxy */;
		};
/* End PBXTargetDependency section */

/* Begin PBXVariantGroup section */
		6E29D1D5252BECF60045D0DA /* Main.storyboard */ = {
			isa = PBXVariantGroup;
			children = (
				6E29D1D6252BECF60045D0DA /* Base */,
			);
			name = Main.storyboard;
			sourceTree = "<group>";
		};
		6E29D1DA252BECF60045D0DA /* LaunchScreen.storyboard */ = {
			isa = PBXVariantGroup;
			children = (
				6E29D1DB252BECF60045D0DA /* Base */,
			);
			name = LaunchScreen.storyboard;
			sourceTree = "<group>";
		};
/* End PBXVariantGroup section */

/* Begin XCBuildConfiguration section */
		6E29D1F4252BECF60045D0DA /* Debug */ = {
			isa = XCBuildConfiguration;
			buildSettings = {
				ALWAYS_SEARCH_USER_PATHS = NO;
				CLANG_ANALYZER_NONNULL = YES;
				CLANG_ANALYZER_NUMBER_OBJECT_CONVERSION = YES_AGGRESSIVE;
				CLANG_CXX_LANGUAGE_STANDARD = "gnu++14";
				CLANG_CXX_LIBRARY = "libc++";
				CLANG_ENABLE_MODULES = YES;
				CLANG_ENABLE_OBJC_ARC = YES;
				CLANG_ENABLE_OBJC_WEAK = YES;
				CLANG_WARN_BLOCK_CAPTURE_AUTORELEASING = YES;
				CLANG_WARN_BOOL_CONVERSION = YES;
				CLANG_WARN_COMMA = YES;
				CLANG_WARN_CONSTANT_CONVERSION = YES;
				CLANG_WARN_DEPRECATED_OBJC_IMPLEMENTATIONS = YES;
				CLANG_WARN_DIRECT_OBJC_ISA_USAGE = YES_ERROR;
				CLANG_WARN_DOCUMENTATION_COMMENTS = YES;
				CLANG_WARN_EMPTY_BODY = YES;
				CLANG_WARN_ENUM_CONVERSION = YES;
				CLANG_WARN_INFINITE_RECURSION = YES;
				CLANG_WARN_INT_CONVERSION = YES;
				CLANG_WARN_NON_LITERAL_NULL_CONVERSION = YES;
				CLANG_WARN_OBJC_IMPLICIT_RETAIN_SELF = YES;
				CLANG_WARN_OBJC_LITERAL_CONVERSION = YES;
				CLANG_WARN_OBJC_ROOT_CLASS = YES_ERROR;
				CLANG_WARN_QUOTED_INCLUDE_IN_FRAMEWORK_HEADER = YES;
				CLANG_WARN_RANGE_LOOP_ANALYSIS = YES;
				CLANG_WARN_STRICT_PROTOTYPES = YES;
				CLANG_WARN_SUSPICIOUS_MOVE = YES;
				CLANG_WARN_UNGUARDED_AVAILABILITY = YES_AGGRESSIVE;
				CLANG_WARN_UNREACHABLE_CODE = YES;
				CLANG_WARN__DUPLICATE_METHOD_MATCH = YES;
				COPY_PHASE_STRIP = NO;
				DEBUG_INFORMATION_FORMAT = dwarf;
				ENABLE_STRICT_OBJC_MSGSEND = YES;
				ENABLE_TESTABILITY = YES;
				GCC_C_LANGUAGE_STANDARD = gnu11;
				GCC_DYNAMIC_NO_PIC = NO;
				GCC_NO_COMMON_BLOCKS = YES;
				GCC_OPTIMIZATION_LEVEL = 0;
				GCC_PREPROCESSOR_DEFINITIONS = (
					"DEBUG=1",
					"$(inherited)",
				);
				GCC_WARN_64_TO_32_BIT_CONVERSION = YES;
				GCC_WARN_ABOUT_RETURN_TYPE = YES_ERROR;
				GCC_WARN_UNDECLARED_SELECTOR = YES;
				GCC_WARN_UNINITIALIZED_AUTOS = YES_AGGRESSIVE;
				GCC_WARN_UNUSED_FUNCTION = YES;
				GCC_WARN_UNUSED_VARIABLE = YES;
				IPHONEOS_DEPLOYMENT_TARGET = 14.0;
				MTL_ENABLE_DEBUG_INFO = INCLUDE_SOURCE;
				MTL_FAST_MATH = YES;
				ONLY_ACTIVE_ARCH = YES;
				SDKROOT = iphoneos;
				SWIFT_ACTIVE_COMPILATION_CONDITIONS = DEBUG;
				SWIFT_OPTIMIZATION_LEVEL = "-Onone";
			};
			name = Debug;
		};
		6E29D1F5252BECF60045D0DA /* Release */ = {
			isa = XCBuildConfiguration;
			buildSettings = {
				ALWAYS_SEARCH_USER_PATHS = NO;
				CLANG_ANALYZER_NONNULL = YES;
				CLANG_ANALYZER_NUMBER_OBJECT_CONVERSION = YES_AGGRESSIVE;
				CLANG_CXX_LANGUAGE_STANDARD = "gnu++14";
				CLANG_CXX_LIBRARY = "libc++";
				CLANG_ENABLE_MODULES = YES;
				CLANG_ENABLE_OBJC_ARC = YES;
				CLANG_ENABLE_OBJC_WEAK = YES;
				CLANG_WARN_BLOCK_CAPTURE_AUTORELEASING = YES;
				CLANG_WARN_BOOL_CONVERSION = YES;
				CLANG_WARN_COMMA = YES;
				CLANG_WARN_CONSTANT_CONVERSION = YES;
				CLANG_WARN_DEPRECATED_OBJC_IMPLEMENTATIONS = YES;
				CLANG_WARN_DIRECT_OBJC_ISA_USAGE = YES_ERROR;
				CLANG_WARN_DOCUMENTATION_COMMENTS = YES;
				CLANG_WARN_EMPTY_BODY = YES;
				CLANG_WARN_ENUM_CONVERSION = YES;
				CLANG_WARN_INFINITE_RECURSION = YES;
				CLANG_WARN_INT_CONVERSION = YES;
				CLANG_WARN_NON_LITERAL_NULL_CONVERSION = YES;
				CLANG_WARN_OBJC_IMPLICIT_RETAIN_SELF = YES;
				CLANG_WARN_OBJC_LITERAL_CONVERSION = YES;
				CLANG_WARN_OBJC_ROOT_CLASS = YES_ERROR;
				CLANG_WARN_QUOTED_INCLUDE_IN_FRAMEWORK_HEADER = YES;
				CLANG_WARN_RANGE_LOOP_ANALYSIS = YES;
				CLANG_WARN_STRICT_PROTOTYPES = YES;
				CLANG_WARN_SUSPICIOUS_MOVE = YES;
				CLANG_WARN_UNGUARDED_AVAILABILITY = YES_AGGRESSIVE;
				CLANG_WARN_UNREACHABLE_CODE = YES;
				CLANG_WARN__DUPLICATE_METHOD_MATCH = YES;
				COPY_PHASE_STRIP = NO;
				DEBUG_INFORMATION_FORMAT = "dwarf-with-dsym";
				ENABLE_NS_ASSERTIONS = NO;
				ENABLE_STRICT_OBJC_MSGSEND = YES;
				GCC_C_LANGUAGE_STANDARD = gnu11;
				GCC_NO_COMMON_BLOCKS = YES;
				GCC_WARN_64_TO_32_BIT_CONVERSION = YES;
				GCC_WARN_ABOUT_RETURN_TYPE = YES_ERROR;
				GCC_WARN_UNDECLARED_SELECTOR = YES;
				GCC_WARN_UNINITIALIZED_AUTOS = YES_AGGRESSIVE;
				GCC_WARN_UNUSED_FUNCTION = YES;
				GCC_WARN_UNUSED_VARIABLE = YES;
				IPHONEOS_DEPLOYMENT_TARGET = 14.0;
				MTL_ENABLE_DEBUG_INFO = NO;
				MTL_FAST_MATH = YES;
				SDKROOT = iphoneos;
				SWIFT_COMPILATION_MODE = wholemodule;
				SWIFT_OPTIMIZATION_LEVEL = "-O";
				VALIDATE_PRODUCT = YES;
			};
			name = Release;
		};
		6E29D1F7252BECF60045D0DA /* Debug */ = {
			isa = XCBuildConfiguration;
			buildSettings = {
				ASSETCATALOG_COMPILER_APPICON_NAME = AppIcon;
				ASSETCATALOG_COMPILER_GLOBAL_ACCENT_COLOR_NAME = AccentColor;
				CODE_SIGN_STYLE = Automatic;
				INFOPLIST_FILE = JsonTest/Info.plist;
				LD_RUNPATH_SEARCH_PATHS = (
					"$(inherited)",
					"@executable_path/Frameworks",
				);
				PRODUCT_BUNDLE_IDENTIFIER = com.stanislavkogiku.JsonTest;
				PRODUCT_NAME = "$(TARGET_NAME)";
				SWIFT_VERSION = 5.0;
				TARGETED_DEVICE_FAMILY = "1,2";
			};
			name = Debug;
		};
		6E29D1F8252BECF60045D0DA /* Release */ = {
			isa = XCBuildConfiguration;
			buildSettings = {
				ASSETCATALOG_COMPILER_APPICON_NAME = AppIcon;
				ASSETCATALOG_COMPILER_GLOBAL_ACCENT_COLOR_NAME = AccentColor;
				CODE_SIGN_STYLE = Automatic;
				INFOPLIST_FILE = JsonTest/Info.plist;
				LD_RUNPATH_SEARCH_PATHS = (
					"$(inherited)",
					"@executable_path/Frameworks",
				);
				PRODUCT_BUNDLE_IDENTIFIER = com.stanislavkogiku.JsonTest;
				PRODUCT_NAME = "$(TARGET_NAME)";
				SWIFT_VERSION = 5.0;
				TARGETED_DEVICE_FAMILY = "1,2";
			};
			name = Release;
		};
		6E29D1FA252BECF60045D0DA /* Debug */ = {
			isa = XCBuildConfiguration;
			buildSettings = {
				ALWAYS_EMBED_SWIFT_STANDARD_LIBRARIES = YES;
				BUNDLE_LOADER = "$(TEST_HOST)";
				CODE_SIGN_STYLE = Automatic;
				INFOPLIST_FILE = JsonTestTests/Info.plist;
				IPHONEOS_DEPLOYMENT_TARGET = 14.0;
				LD_RUNPATH_SEARCH_PATHS = (
					"$(inherited)",
					"@executable_path/Frameworks",
					"@loader_path/Frameworks",
				);
				PRODUCT_BUNDLE_IDENTIFIER = com.stanislavkogiku.JsonTestTests;
				PRODUCT_NAME = "$(TARGET_NAME)";
				SWIFT_VERSION = 5.0;
				TARGETED_DEVICE_FAMILY = "1,2";
				TEST_HOST = "$(BUILT_PRODUCTS_DIR)/JsonTest.app/JsonTest";
			};
			name = Debug;
		};
		6E29D1FB252BECF60045D0DA /* Release */ = {
			isa = XCBuildConfiguration;
			buildSettings = {
				ALWAYS_EMBED_SWIFT_STANDARD_LIBRARIES = YES;
				BUNDLE_LOADER = "$(TEST_HOST)";
				CODE_SIGN_STYLE = Automatic;
				INFOPLIST_FILE = JsonTestTests/Info.plist;
				IPHONEOS_DEPLOYMENT_TARGET = 14.0;
				LD_RUNPATH_SEARCH_PATHS = (
					"$(inherited)",
					"@executable_path/Frameworks",
					"@loader_path/Frameworks",
				);
				PRODUCT_BUNDLE_IDENTIFIER = com.stanislavkogiku.JsonTestTests;
				PRODUCT_NAME = "$(TARGET_NAME)";
				SWIFT_VERSION = 5.0;
				TARGETED_DEVICE_FAMILY = "1,2";
				TEST_HOST = "$(BUILT_PRODUCTS_DIR)/JsonTest.app/JsonTest";
			};
			name = Release;
		};
		6E29D1FD252BECF60045D0DA /* Debug */ = {
			isa = XCBuildConfiguration;
			buildSettings = {
				ALWAYS_EMBED_SWIFT_STANDARD_LIBRARIES = YES;
				CODE_SIGN_STYLE = Automatic;
				INFOPLIST_FILE = JsonTestUITests/Info.plist;
				LD_RUNPATH_SEARCH_PATHS = (
					"$(inherited)",
					"@executable_path/Frameworks",
					"@loader_path/Frameworks",
				);
				PRODUCT_BUNDLE_IDENTIFIER = com.stanislavkogiku.JsonTestUITests;
				PRODUCT_NAME = "$(TARGET_NAME)";
				SWIFT_VERSION = 5.0;
				TARGETED_DEVICE_FAMILY = "1,2";
				TEST_TARGET_NAME = JsonTest;
			};
			name = Debug;
		};
		6E29D1FE252BECF60045D0DA /* Release */ = {
			isa = XCBuildConfiguration;
			buildSettings = {
				ALWAYS_EMBED_SWIFT_STANDARD_LIBRARIES = YES;
				CODE_SIGN_STYLE = Automatic;
				INFOPLIST_FILE = JsonTestUITests/Info.plist;
				LD_RUNPATH_SEARCH_PATHS = (
					"$(inherited)",
					"@executable_path/Frameworks",
					"@loader_path/Frameworks",
				);
				PRODUCT_BUNDLE_IDENTIFIER = com.stanislavkogiku.JsonTestUITests;
				PRODUCT_NAME = "$(TARGET_NAME)";
				SWIFT_VERSION = 5.0;
				TARGETED_DEVICE_FAMILY = "1,2";
				TEST_TARGET_NAME = JsonTest;
			};
			name = Release;
		};
/* End XCBuildConfiguration section */

/* Begin XCConfigurationList section */
		6E29D1C7252BECF50045D0DA /* Build configuration list for PBXProject "JsonTest" */ = {
			isa = XCConfigurationList;
			buildConfigurations = (
				6E29D1F4252BECF60045D0DA /* Debug */,
				6E29D1F5252BECF60045D0DA /* Release */,
			);
			defaultConfigurationIsVisible = 0;
			defaultConfigurationName = Release;
		};
		6E29D1F6252BECF60045D0DA /* Build configuration list for PBXNativeTarget "JsonTest" */ = {
			isa = XCConfigurationList;
			buildConfigurations = (
				6E29D1F7252BECF60045D0DA /* Debug */,
				6E29D1F8252BECF60045D0DA /* Release */,
			);
			defaultConfigurationIsVisible = 0;
			defaultConfigurationName = Release;
		};
		6E29D1F9252BECF60045D0DA /* Build configuration list for PBXNativeTarget "JsonTestTests" */ = {
			isa = XCConfigurationList;
			buildConfigurations = (
				6E29D1FA252BECF60045D0DA /* Debug */,
				6E29D1FB252BECF60045D0DA /* Release */,
			);
			defaultConfigurationIsVisible = 0;
			defaultConfigurationName = Release;
		};
		6E29D1FC252BECF60045D0DA /* Build configuration list for PBXNativeTarget "JsonTestUITests" */ = {
			isa = XCConfigurationList;
			buildConfigurations = (
				6E29D1FD252BECF60045D0DA /* Debug */,
				6E29D1FE252BECF60045D0DA /* Release */,
			);
			defaultConfigurationIsVisible = 0;
			defaultConfigurationName = Release;
		};
/* End XCConfigurationList section */
	};
	rootObject = 6E29D1C4252BECF50045D0DA /* Project object */;
}
